
Microsoft Visual Studio Solution File, Format Version 12.00
# Visual Studio Version 16
VisualStudioVersion = 16.0.30406.217
MinimumVisualStudioVersion = 10.0.40219.1
Project("{FAE04EC0-301F-11D3-BF4B-00C04F79EFBC}") = "IsolationStorageHO", "IsolationStorageHO\IsolationStorageHO.csproj", "{F9EAFE42-A6D3-42FA-87B4-157C47AAD20E}"
EndProject
Global
	GlobalSection(SolutionConfigurationPlatforms) = preSolution
		Debug|Any CPU = Debug|Any CPU
		Release|Any CPU = Release|Any CPU
	EndGlobalSection
	GlobalSection(ProjectConfigurationPlatforms) = postSolution
		{F9EAFE42-A6D3-42FA-87B4-157C47AAD20E}.Debug|Any CPU.ActiveCfg = Debug|Any CPU
		{F9EAFE42-A6D3-42FA-87B4-157C47AAD20E}.Debug|Any CPU.Build.0 = Debug|Any CPU
		{F9EAFE42-A6D3-42FA-87B4-157C47AAD20E}.Release|Any CPU.ActiveCfg = Release|Any CPU
		{F9EAFE42-A6D3-42FA-87B4-157C47AAD20E}.Release|Any CPU.Build.0 = Release|Any CPU
	EndGlobalSection
	GlobalSection(SolutionProperties) = preSolution
		HideSolutionNode = FALSE
	EndGlobalSection
	GlobalSection(ExtensibilityGlobals) = postSolution
		SolutionGuid = {D9A925D7-B0F3-4AA6-8897-51F97AC15DA7}
	EndGlobalSection
EndGlobal
