
Microsoft Visual Studio Solution File, Format Version 12.00
# Visual Studio Version 16
VisualStudioVersion = 16.0.30517.126
MinimumVisualStudioVersion = 10.0.40219.1
Project("{9A19103F-16F7-4668-BE54-9A1E7A4F7556}") = "DISampleWeb", "DISampleWeb\DISampleWeb.csproj", "{36D9207B-1CA0-4D0B-9AF9-D281D53E18EA}"
EndProject
Project("{FAE04EC0-301F-11D3-BF4B-00C04F79EFBC}") = "AutofacSample", "AutofacSample\AutofacSample.csproj", "{35EABF73-1B95-4867-A6CF-9E28B15EEA95}"
EndProject
Project("{FAE04EC0-301F-11D3-BF4B-00C04F79EFBC}") = "DITypes", "DITypes\DITypes.csproj", "{89ED2179-C4F5-4B47-ADFC-D2394D5DD2AD}"
EndProject
Global
	GlobalSection(SolutionConfigurationPlatforms) = preSolution
		Debug|Any CPU = Debug|Any CPU
		Release|Any CPU = Release|Any CPU
	EndGlobalSection
	GlobalSection(ProjectConfigurationPlatforms) = postSolution
		{36D9207B-1CA0-4D0B-9AF9-D281D53E18EA}.Debug|Any CPU.ActiveCfg = Debug|Any CPU
		{36D9207B-1CA0-4D0B-9AF9-D281D53E18EA}.Debug|Any CPU.Build.0 = Debug|Any CPU
		{36D9207B-1CA0-4D0B-9AF9-D281D53E18EA}.Release|Any CPU.ActiveCfg = Release|Any CPU
		{36D9207B-1CA0-4D0B-9AF9-D281D53E18EA}.Release|Any CPU.Build.0 = Release|Any CPU
		{35EABF73-1B95-4867-A6CF-9E28B15EEA95}.Debug|Any CPU.ActiveCfg = Debug|Any CPU
		{35EABF73-1B95-4867-A6CF-9E28B15EEA95}.Debug|Any CPU.Build.0 = Debug|Any CPU
		{35EABF73-1B95-4867-A6CF-9E28B15EEA95}.Release|Any CPU.ActiveCfg = Release|Any CPU
		{35EABF73-1B95-4867-A6CF-9E28B15EEA95}.Release|Any CPU.Build.0 = Release|Any CPU
		{89ED2179-C4F5-4B47-ADFC-D2394D5DD2AD}.Debug|Any CPU.ActiveCfg = Debug|Any CPU
		{89ED2179-C4F5-4B47-ADFC-D2394D5DD2AD}.Debug|Any CPU.Build.0 = Debug|Any CPU
		{89ED2179-C4F5-4B47-ADFC-D2394D5DD2AD}.Release|Any CPU.ActiveCfg = Release|Any CPU
		{89ED2179-C4F5-4B47-ADFC-D2394D5DD2AD}.Release|Any CPU.Build.0 = Release|Any CPU
	EndGlobalSection
	GlobalSection(SolutionProperties) = preSolution
		HideSolutionNode = FALSE
	EndGlobalSection
	GlobalSection(ExtensibilityGlobals) = postSolution
		SolutionGuid = {2DB0EC28-B42A-4F86-9C44-BBAABC3455C2}
	EndGlobalSection
EndGlobal
