
Microsoft Visual Studio Solution File, Format Version 12.00
# Visual Studio 15
VisualStudioVersion = 15.0.26124.0
MinimumVisualStudioVersion = 15.0.26124.0
Project("{FAE04EC0-301F-11D3-BF4B-00C04F79EFBC}") = "DirectoryOperations", "DirectoryOperations\DirectoryOperations.csproj", "{E0B10FD6-2D3B-4FD7-8D25-405033DA61D0}"
EndProject
Project("{FAE04EC0-301F-11D3-BF4B-00C04F79EFBC}") = "FilesReadWrite", "FilesReadWrite\FilesReadWrite.csproj", "{9755817A-A51C-4853-A3E3-842C78A8D6A2}"
EndProject
Global
	GlobalSection(SolutionConfigurationPlatforms) = preSolution
		Debug|Any CPU = Debug|Any CPU
		Debug|x64 = Debug|x64
		Debug|x86 = Debug|x86
		Release|Any CPU = Release|Any CPU
		Release|x64 = Release|x64
		Release|x86 = Release|x86
	EndGlobalSection
	GlobalSection(SolutionProperties) = preSolution
		HideSolutionNode = FALSE
	EndGlobalSection
	GlobalSection(ProjectConfigurationPlatforms) = postSolution
		{E0B10FD6-2D3B-4FD7-8D25-405033DA61D0}.Debug|Any CPU.ActiveCfg = Debug|Any CPU
		{E0B10FD6-2D3B-4FD7-8D25-405033DA61D0}.Debug|Any CPU.Build.0 = Debug|Any CPU
		{E0B10FD6-2D3B-4FD7-8D25-405033DA61D0}.Debug|x64.ActiveCfg = Debug|Any CPU
		{E0B10FD6-2D3B-4FD7-8D25-405033DA61D0}.Debug|x64.Build.0 = Debug|Any CPU
		{E0B10FD6-2D3B-4FD7-8D25-405033DA61D0}.Debug|x86.ActiveCfg = Debug|Any CPU
		{E0B10FD6-2D3B-4FD7-8D25-405033DA61D0}.Debug|x86.Build.0 = Debug|Any CPU
		{E0B10FD6-2D3B-4FD7-8D25-405033DA61D0}.Release|Any CPU.ActiveCfg = Release|Any CPU
		{E0B10FD6-2D3B-4FD7-8D25-405033DA61D0}.Release|Any CPU.Build.0 = Release|Any CPU
		{E0B10FD6-2D3B-4FD7-8D25-405033DA61D0}.Release|x64.ActiveCfg = Release|Any CPU
		{E0B10FD6-2D3B-4FD7-8D25-405033DA61D0}.Release|x64.Build.0 = Release|Any CPU
		{E0B10FD6-2D3B-4FD7-8D25-405033DA61D0}.Release|x86.ActiveCfg = Release|Any CPU
		{E0B10FD6-2D3B-4FD7-8D25-405033DA61D0}.Release|x86.Build.0 = Release|Any CPU
		{9755817A-A51C-4853-A3E3-842C78A8D6A2}.Debug|Any CPU.ActiveCfg = Debug|Any CPU
		{9755817A-A51C-4853-A3E3-842C78A8D6A2}.Debug|Any CPU.Build.0 = Debug|Any CPU
		{9755817A-A51C-4853-A3E3-842C78A8D6A2}.Debug|x64.ActiveCfg = Debug|Any CPU
		{9755817A-A51C-4853-A3E3-842C78A8D6A2}.Debug|x64.Build.0 = Debug|Any CPU
		{9755817A-A51C-4853-A3E3-842C78A8D6A2}.Debug|x86.ActiveCfg = Debug|Any CPU
		{9755817A-A51C-4853-A3E3-842C78A8D6A2}.Debug|x86.Build.0 = Debug|Any CPU
		{9755817A-A51C-4853-A3E3-842C78A8D6A2}.Release|Any CPU.ActiveCfg = Release|Any CPU
		{9755817A-A51C-4853-A3E3-842C78A8D6A2}.Release|Any CPU.Build.0 = Release|Any CPU
		{9755817A-A51C-4853-A3E3-842C78A8D6A2}.Release|x64.ActiveCfg = Release|Any CPU
		{9755817A-A51C-4853-A3E3-842C78A8D6A2}.Release|x64.Build.0 = Release|Any CPU
		{9755817A-A51C-4853-A3E3-842C78A8D6A2}.Release|x86.ActiveCfg = Release|Any CPU
		{9755817A-A51C-4853-A3E3-842C78A8D6A2}.Release|x86.Build.0 = Release|Any CPU
	EndGlobalSection
EndGlobal
