
Microsoft Visual Studio Solution File, Format Version 12.00
# Visual Studio Version 16
VisualStudioVersion = 16.0.30717.126
MinimumVisualStudioVersion = 10.0.40219.1
Project("{9A19103F-16F7-4668-BE54-9A1E7A4F7556}") = "NewFeatures", "NewFeatures\NewFeatures.csproj", "{44982848-F618-4333-9649-B87A7A0A4EC8}"
EndProject
Project("{9A19103F-16F7-4668-BE54-9A1E7A4F7556}") = "InitOnlySetter", "InitOnlySetter\InitOnlySetter.csproj", "{C68E28F5-44C8-491E-9DC0-A1C22A970E4F}"
EndProject
Project("{9A19103F-16F7-4668-BE54-9A1E7A4F7556}") = "RecordType", "RecordType\RecordType.csproj", "{22528821-0D0E-4E63-859D-A349F4B623C5}"
EndProject
Project("{9A19103F-16F7-4668-BE54-9A1E7A4F7556}") = "TopLevelStatements", "TopLevelStatements\TopLevelStatements.csproj", "{7A2C3235-25DD-4605-9954-90D21DF33EDB}"
EndProject
Project("{9A19103F-16F7-4668-BE54-9A1E7A4F7556}") = "PatternMatching", "PatternMatching\PatternMatching.csproj", "{B3D704C4-1E5C-41B7-90AC-692E7C43EA23}"
EndProject
Project("{FAE04EC0-301F-11D3-BF4B-00C04F79EFBC}") = "WebApplication1", "WebApplication1\WebApplication1.csproj", "{01740744-8C00-4394-A5B3-E0B317D649A3}"
EndProject
Global
	GlobalSection(SolutionConfigurationPlatforms) = preSolution
		Debug|Any CPU = Debug|Any CPU
		Release|Any CPU = Release|Any CPU
	EndGlobalSection
	GlobalSection(ProjectConfigurationPlatforms) = postSolution
		{44982848-F618-4333-9649-B87A7A0A4EC8}.Debug|Any CPU.ActiveCfg = Debug|Any CPU
		{44982848-F618-4333-9649-B87A7A0A4EC8}.Debug|Any CPU.Build.0 = Debug|Any CPU
		{44982848-F618-4333-9649-B87A7A0A4EC8}.Release|Any CPU.ActiveCfg = Release|Any CPU
		{44982848-F618-4333-9649-B87A7A0A4EC8}.Release|Any CPU.Build.0 = Release|Any CPU
		{C68E28F5-44C8-491E-9DC0-A1C22A970E4F}.Debug|Any CPU.ActiveCfg = Debug|Any CPU
		{C68E28F5-44C8-491E-9DC0-A1C22A970E4F}.Debug|Any CPU.Build.0 = Debug|Any CPU
		{C68E28F5-44C8-491E-9DC0-A1C22A970E4F}.Release|Any CPU.ActiveCfg = Release|Any CPU
		{C68E28F5-44C8-491E-9DC0-A1C22A970E4F}.Release|Any CPU.Build.0 = Release|Any CPU
		{22528821-0D0E-4E63-859D-A349F4B623C5}.Debug|Any CPU.ActiveCfg = Debug|Any CPU
		{22528821-0D0E-4E63-859D-A349F4B623C5}.Debug|Any CPU.Build.0 = Debug|Any CPU
		{22528821-0D0E-4E63-859D-A349F4B623C5}.Release|Any CPU.ActiveCfg = Release|Any CPU
		{22528821-0D0E-4E63-859D-A349F4B623C5}.Release|Any CPU.Build.0 = Release|Any CPU
		{7A2C3235-25DD-4605-9954-90D21DF33EDB}.Debug|Any CPU.ActiveCfg = Debug|Any CPU
		{7A2C3235-25DD-4605-9954-90D21DF33EDB}.Debug|Any CPU.Build.0 = Debug|Any CPU
		{7A2C3235-25DD-4605-9954-90D21DF33EDB}.Release|Any CPU.ActiveCfg = Release|Any CPU
		{7A2C3235-25DD-4605-9954-90D21DF33EDB}.Release|Any CPU.Build.0 = Release|Any CPU
		{B3D704C4-1E5C-41B7-90AC-692E7C43EA23}.Debug|Any CPU.ActiveCfg = Debug|Any CPU
		{B3D704C4-1E5C-41B7-90AC-692E7C43EA23}.Debug|Any CPU.Build.0 = Debug|Any CPU
		{B3D704C4-1E5C-41B7-90AC-692E7C43EA23}.Release|Any CPU.ActiveCfg = Release|Any CPU
		{B3D704C4-1E5C-41B7-90AC-692E7C43EA23}.Release|Any CPU.Build.0 = Release|Any CPU
		{01740744-8C00-4394-A5B3-E0B317D649A3}.Debug|Any CPU.ActiveCfg = Debug|Any CPU
		{01740744-8C00-4394-A5B3-E0B317D649A3}.Debug|Any CPU.Build.0 = Debug|Any CPU
		{01740744-8C00-4394-A5B3-E0B317D649A3}.Release|Any CPU.ActiveCfg = Release|Any CPU
		{01740744-8C00-4394-A5B3-E0B317D649A3}.Release|Any CPU.Build.0 = Release|Any CPU
	EndGlobalSection
	GlobalSection(SolutionProperties) = preSolution
		HideSolutionNode = FALSE
	EndGlobalSection
	GlobalSection(ExtensibilityGlobals) = postSolution
		SolutionGuid = {E21A1A12-C720-4B7A-B9B8-F08B9F0F3ED1}
	EndGlobalSection
EndGlobal
