
Microsoft Visual Studio Solution File, Format Version 12.00
# Visual Studio Version 16
VisualStudioVersion = 16.0.30128.74
MinimumVisualStudioVersion = 10.0.40219.1
Project("{9A19103F-16F7-4668-BE54-9A1E7A4F7556}") = "TestAppService", "TestAppService\TestAppService.csproj", "{B3299CBA-DE95-4C27-9458-EDA948460336}"
EndProject
Project("{FAE04EC0-301F-11D3-BF4B-00C04F79EFBC}") = "TestAppInsights", "TestAppInsights\TestAppInsights.csproj", "{87269ABC-CBE2-46CB-9A1E-7E347E2D0B55}"
EndProject
Global
	GlobalSection(SolutionConfigurationPlatforms) = preSolution
		Debug|Any CPU = Debug|Any CPU
		Release|Any CPU = Release|Any CPU
	EndGlobalSection
	GlobalSection(ProjectConfigurationPlatforms) = postSolution
		{B3299CBA-DE95-4C27-9458-EDA948460336}.Debug|Any CPU.ActiveCfg = Debug|Any CPU
		{B3299CBA-DE95-4C27-9458-EDA948460336}.Debug|Any CPU.Build.0 = Debug|Any CPU
		{B3299CBA-DE95-4C27-9458-EDA948460336}.Release|Any CPU.ActiveCfg = Release|Any CPU
		{B3299CBA-DE95-4C27-9458-EDA948460336}.Release|Any CPU.Build.0 = Release|Any CPU
		{87269ABC-CBE2-46CB-9A1E-7E347E2D0B55}.Debug|Any CPU.ActiveCfg = Debug|Any CPU
		{87269ABC-CBE2-46CB-9A1E-7E347E2D0B55}.Debug|Any CPU.Build.0 = Debug|Any CPU
		{87269ABC-CBE2-46CB-9A1E-7E347E2D0B55}.Release|Any CPU.ActiveCfg = Release|Any CPU
		{87269ABC-CBE2-46CB-9A1E-7E347E2D0B55}.Release|Any CPU.Build.0 = Release|Any CPU
	EndGlobalSection
	GlobalSection(SolutionProperties) = preSolution
		HideSolutionNode = FALSE
	EndGlobalSection
	GlobalSection(ExtensibilityGlobals) = postSolution
		SolutionGuid = {3FEC0D80-DB87-4FF0-B2FE-F3E011EC0A23}
	EndGlobalSection
EndGlobal
