
Microsoft Visual Studio Solution File, Format Version 12.00
# Visual Studio Version 16
VisualStudioVersion = 16.0.30803.129
MinimumVisualStudioVersion = 10.0.40219.1
Project("{FAE04EC0-301F-11D3-BF4B-00C04F79EFBC}") = "HelloWorld", "HelloWorld\HelloWorld.csproj", "{1701974B-6F20-4A13-B2E5-C160B733653B}"
EndProject
Project("{FAE04EC0-301F-11D3-BF4B-00C04F79EFBC}") = "HelloWorld.Tests", "HelloWorld.Tests\HelloWorld.Tests.csproj", "{20BA17D1-598B-4AC5-AB96-AD734667E69B}"
EndProject
Global
	GlobalSection(SolutionConfigurationPlatforms) = preSolution
		Debug|Any CPU = Debug|Any CPU
		Release|Any CPU = Release|Any CPU
	EndGlobalSection
	GlobalSection(ProjectConfigurationPlatforms) = postSolution
		{1701974B-6F20-4A13-B2E5-C160B733653B}.Debug|Any CPU.ActiveCfg = Debug|Any CPU
		{1701974B-6F20-4A13-B2E5-C160B733653B}.Debug|Any CPU.Build.0 = Debug|Any CPU
		{1701974B-6F20-4A13-B2E5-C160B733653B}.Release|Any CPU.ActiveCfg = Release|Any CPU
		{1701974B-6F20-4A13-B2E5-C160B733653B}.Release|Any CPU.Build.0 = Release|Any CPU
		{20BA17D1-598B-4AC5-AB96-AD734667E69B}.Debug|Any CPU.ActiveCfg = Debug|Any CPU
		{20BA17D1-598B-4AC5-AB96-AD734667E69B}.Debug|Any CPU.Build.0 = Debug|Any CPU
		{20BA17D1-598B-4AC5-AB96-AD734667E69B}.Release|Any CPU.ActiveCfg = Release|Any CPU
		{20BA17D1-598B-4AC5-AB96-AD734667E69B}.Release|Any CPU.Build.0 = Release|Any CPU
	EndGlobalSection
	GlobalSection(SolutionProperties) = preSolution
		HideSolutionNode = FALSE
	EndGlobalSection
	GlobalSection(ExtensibilityGlobals) = postSolution
		SolutionGuid = {D3B33ACD-705A-49A2-B490-8C4D86030294}
	EndGlobalSection
EndGlobal
