
Microsoft Visual Studio Solution File, Format Version 12.00
# Visual Studio Version 16
VisualStudioVersion = 16.0.30717.126
MinimumVisualStudioVersion = 10.0.40219.1
Project("{FAE04EC0-301F-11D3-BF4B-00C04F79EFBC}") = "gRPCDemoService", "gRPCDemoService\gRPCDemoService.csproj", "{8D40D1E6-77B3-41E1-B461-1549795BB0F2}"
EndProject
Project("{FAE04EC0-301F-11D3-BF4B-00C04F79EFBC}") = "gRPCDemoClient", "gRPCDemoClient\gRPCDemoClient.csproj", "{6FBAE05A-0192-42EF-B777-DA4BC6565A00}"
EndProject
Global
	GlobalSection(SolutionConfigurationPlatforms) = preSolution
		Debug|Any CPU = Debug|Any CPU
		Release|Any CPU = Release|Any CPU
	EndGlobalSection
	GlobalSection(ProjectConfigurationPlatforms) = postSolution
		{8D40D1E6-77B3-41E1-B461-1549795BB0F2}.Debug|Any CPU.ActiveCfg = Debug|Any CPU
		{8D40D1E6-77B3-41E1-B461-1549795BB0F2}.Debug|Any CPU.Build.0 = Debug|Any CPU
		{8D40D1E6-77B3-41E1-B461-1549795BB0F2}.Release|Any CPU.ActiveCfg = Release|Any CPU
		{8D40D1E6-77B3-41E1-B461-1549795BB0F2}.Release|Any CPU.Build.0 = Release|Any CPU
		{6FBAE05A-0192-42EF-B777-DA4BC6565A00}.Debug|Any CPU.ActiveCfg = Debug|Any CPU
		{6FBAE05A-0192-42EF-B777-DA4BC6565A00}.Debug|Any CPU.Build.0 = Debug|Any CPU
		{6FBAE05A-0192-42EF-B777-DA4BC6565A00}.Release|Any CPU.ActiveCfg = Release|Any CPU
		{6FBAE05A-0192-42EF-B777-DA4BC6565A00}.Release|Any CPU.Build.0 = Release|Any CPU
	EndGlobalSection
	GlobalSection(SolutionProperties) = preSolution
		HideSolutionNode = FALSE
	EndGlobalSection
	GlobalSection(ExtensibilityGlobals) = postSolution
		SolutionGuid = {7BA46149-B918-450E-81E2-39A29D6F7D3F}
	EndGlobalSection
EndGlobal
